
Microsoft Visual Studio Solution File, Format Version 12.00
# Visual Studio Version 17
VisualStudioVersion = 17.2.32630.192
MinimumVisualStudioVersion = 10.0.40219.1
Project("{FAE04EC0-301F-11D3-BF4B-00C04F79EFBC}") = "CatFactApp", "CatFactApp\CatFactApp.csproj", "{E91A990B-4C5C-49F0-A42D-F112D7784F07}"
EndProject
Global
	GlobalSection(SolutionConfigurationPlatforms) = preSolution
		Debug|Any CPU = Debug|Any CPU
		Release|Any CPU = Release|Any CPU
	EndGlobalSection
	GlobalSection(ProjectConfigurationPlatforms) = postSolution
		{E91A990B-4C5C-49F0-A42D-F112D7784F07}.Debug|Any CPU.ActiveCfg = Debug|Any CPU
		{E91A990B-4C5C-49F0-A42D-F112D7784F07}.Debug|Any CPU.Build.0 = Debug|Any CPU
		{E91A990B-4C5C-49F0-A42D-F112D7784F07}.Release|Any CPU.ActiveCfg = Release|Any CPU
		{E91A990B-4C5C-49F0-A42D-F112D7784F07}.Release|Any CPU.Build.0 = Release|Any CPU
	EndGlobalSection
	GlobalSection(SolutionProperties) = preSolution
		HideSolutionNode = FALSE
	EndGlobalSection
	GlobalSection(ExtensibilityGlobals) = postSolution
		SolutionGuid = {7CC7FC7E-CB62-47A6-A754-42D44F63A51E}
	EndGlobalSection
EndGlobal
